{
  "name": "PlantDiseaseX.Solution",
  "lockfileVersion": 3,
  "requires": true,
  "packages": {
    "": {
      "dependencies": {
        "simplebar": "^6.2.6"
      }
    },
    "node_modules/@types/lodash": {
      "version": "4.17.1",
      "resolved": "https://registry.npmjs.org/@types/lodash/-/lodash-4.17.1.tgz",
      "integrity": "sha512-X+2qazGS3jxLAIz5JDXDzglAF3KpijdhFxlf/V1+hEsOUc+HnWi81L/uv/EvGuV90WY+7mPGFCUDGfQC3Gj95Q=="
    },
    "node_modules/@types/lodash-es": {
      "version": "4.17.12",
      "resolved": "https://registry.npmjs.org/@types/lodash-es/-/lodash-es-4.17.12.tgz",
      "integrity": "sha512-0NgftHUcV4v34VhXm8QBSftKVXtbkBG3ViCjs6+eJ5a6y6Mi/jiFGPc1sC7QK+9BFhWrURE3EOggmWaSxL9OzQ==",
      "dependencies": {
        "@types/lodash": "*"
      }
    },
    "node_modules/can-use-dom": {
      "version": "0.1.0",
      "resolved": "https://registry.npmjs.org/can-use-dom/-/can-use-dom-0.1.0.tgz",
      "integrity": "sha512-ceOhN1DL7Y4O6M0j9ICgmTYziV89WMd96SvSl0REd8PMgrY0B/WBOPoed5S1KUmJqXgUXh8gzSe6E3ae27upsQ=="
    },
    "node_modules/lodash": {
      "version": "4.17.21",
      "resolved": "https://registry.npmjs.org/lodash/-/lodash-4.17.21.tgz",
      "integrity": "sha512-v2kDEe57lecTulaDIuNTPy3Ry4gLGJ6Z1O3vE1krgXZNrsQ+LFTGHVxVjcXPs17LhbZVGedAJv8XZ1tvj5FvSg=="
    },
    "node_modules/lodash-es": {
      "version": "4.17.21",
      "resolved": "https://registry.npmjs.org/lodash-es/-/lodash-es-4.17.21.tgz",
      "integrity": "sha512-mKnC+QJ9pWVzv+C4/U3rRsHapFfHvQFoFB92e52xeyGMcX6/OlIl78je1u8vePzYZSkkogMPJ2yjxxsb89cxyw=="
    },
    "node_modules/simplebar": {
      "version": "6.2.6",
      "resolved": "https://registry.npmjs.org/simplebar/-/simplebar-6.2.6.tgz",
      "integrity": "sha512-dN+MoK2JJY8u+3CokYm0GTAi1bo+aefyyY2fk3pZlwOZdLSNY9P0Ze6kb6e86VuXgFgbcX4z8SuM41RK1/zM+g==",
      "dependencies": {
        "can-use-dom": "^0.1.0",
        "simplebar-core": "^1.2.5"
      }
    },
    "node_modules/simplebar-core": {
      "version": "1.2.5",
      "resolved": "https://registry.npmjs.org/simplebar-core/-/simplebar-core-1.2.5.tgz",
      "integrity": "sha512-33AVCYXS8yavWId0GbE4TG1cYELsYybpCKWHJYuWEY/j6nccgz6zQdJ7nCqOpIGo7HgPPbkSSSIlJhi43fHP6A==",
      "dependencies": {
        "@types/lodash-es": "^4.17.6",
        "can-use-dom": "^0.1.0",
        "lodash": "^4.17.21",
        "lodash-es": "^4.17.21"
      }
    }
  }
}
